// !$*UTF8*$!
{
	archiveVersion = 1;
	classes = {
	};
	objectVersion = 46;
	objects = {

/* Begin PBXBuildFile section */
		92DED2761BE99792002D30CC /* main.m in Sources */ = {isa = PBXBuildFile; fileRef = 92DED2751BE99792002D30CC /* main.m */; };
		92DED2791BE99792002D30CC /* AppDelegate.m in Sources */ = {isa = PBXBuildFile; fileRef = 92DED2781BE99792002D30CC /* AppDelegate.m */; };
		92DED27C1BE99792002D30CC /* ViewController.m in Sources */ = {isa = PBXBuildFile; fileRef = 92DED27B1BE99792002D30CC /* ViewController.m */; };
		92DED27F1BE99792002D30CC /* Main.storyboard in Resources */ = {isa = PBXBuildFile; fileRef = 92DED27D1BE99792002D30CC /* Main.storyboard */; };
		92DED2811BE99792002D30CC /* Assets.xcassets in Resources */ = {isa = PBXBuildFile; fileRef = 92DED2801BE99792002D30CC /* Assets.xcassets */; };
		92DED2841BE99792002D30CC /* LaunchScreen.storyboard in Resources */ = {isa = PBXBuildFile; fileRef = 92DED2821BE99792002D30CC /* LaunchScreen.storyboard */; };
/* End PBXBuildFile section */

/* Begin PBXFileReference section */
		92DED2711BE99792002D30CC /* SBTest.app */ = {isa = PBXFileReference; explicitFileType = wrapper.application; includeInIndex = 0; path = SBTest.app; sourceTree = BUILT_PRODUCTS_DIR; };
		92DED2751BE99792002D30CC /* main.m */ = {isa = PBXFileReference; lastKnownFileType = sourcecode.c.objc; path = main.m; sourceTree = "<group>"; };
		92DED2771BE99792002D30CC /* AppDelegate.h */ = {isa = PBXFileReference; lastKnownFileType = sourcecode.c.h; path = AppDelegate.h; sourceTree = "<group>"; };
		92DED2781BE99792002D30CC /* AppDelegate.m */ = {isa = PBXFileReference; lastKnownFileType = sourcecode.c.objc; path = AppDelegate.m; sourceTree = "<group>"; };
		92DED27A1BE99792002D30CC /* ViewController.h */ = {isa = PBXFileReference; lastKnownFileType = sourcecode.c.h; path = ViewController.h; sourceTree = "<group>"; };
		92DED27B1BE99792002D30CC /* ViewController.m */ = {isa = PBXFileReference; lastKnownFileType = sourcecode.c.objc; path = ViewController.m; sourceTree = "<group>"; };
		92DED27E1BE99792002D30CC /* Base */ = {isa = PBXFileReference; lastKnownFileType = file.storyboard; name = Base; path = Base.lproj/Main.storyboard; sourceTree = "<group>"; };
		92DED2801BE99792002D30CC /* Assets.xcassets */ = {isa = PBXFileReference; lastKnownFileType = folder.assetcatalog; path = Assets.xcassets; sourceTree = "<group>"; };
		92DED2831BE99792002D30CC /* Base */ = {isa = PBXFileReference; lastKnownFileType = file.storyboard; name = Base; path = Base.lproj/LaunchScreen.storyboard; sourceTree = "<group>"; };
		92DED2851BE99792002D30CC /* Info.plist */ = {isa = PBXFileReference; lastKnownFileType = text.plist.xml; path = Info.plist; sourceTree = "<group>"; };
/* End PBXFileReference section */

/* Begin PBXFrameworksBuildPhase section */
		92DED26E1BE99792002D30CC /* Frameworks */ = {
			isa = PBXFrameworksBuildPhase;
			buildActionMask = 2147483647;
			files = (
			);
			runOnlyForDeploymentPostprocessing = 0;
		};
/* End PBXFrameworksBuildPhase section */

/* Begin PBXGroup section */
		92DED2681BE99792002D30CC = {
			isa = PBXGroup;
			children = (
				92DED2731BE99792002D30CC /* SBTest */,
				92DED2721BE99792002D30CC /* Products */,
			);
			sourceTree = "<group>";
		};
		92DED2721BE99792002D30CC /* Products */ = {
			isa = PBXGroup;
			children = (
				92DED2711BE99792002D30CC /* SBTest.app */,
			);
			name = Products;
			sourceTree = "<group>";
		};
		92DED2731BE99792002D30CC /* SBTest */ = {
			isa = PBXGroup;
			children = (
				92DED2771BE99792002D30CC /* AppDelegate.h */,
				92DED2781BE99792002D30CC /* AppDelegate.m */,
				92DED27A1BE99792002D30CC /* ViewController.h */,
				92DED27B1BE99792002D30CC /* ViewController.m */,
				92DED27D1BE99792002D30CC /* Main.storyboard */,
				92DED2821BE99792002D30CC /* LaunchScreen.storyboard */,
				92DED2801BE99792002D30CC /* Assets.xcassets */,
				92DED2851BE99792002D30CC /* Info.plist */,
				92DED2741BE99792002D30CC /* Supporting Files */,
			);
			path = SBTest;
			sourceTree = "<group>";
		};
		92DED2741BE99792002D30CC /* Supporting Files */ = {
			isa = PBXGroup;
			children = (
				92DED2751BE99792002D30CC /* main.m */,
			);
			name = "Supporting Files";
			sourceTree = "<group>";
		};
/* End PBXGroup section */

/* Begin PBXNativeTarget section */
		92DED2701BE99792002D30CC /* SBTest */ = {
			isa = PBXNativeTarget;
			buildConfigurationList = 92DED2881BE99792002D30CC /* Build configuration list for PBXNativeTarget "SBTest" */;
			buildPhases = (
				92DED26D1BE99792002D30CC /* Sources */,
				92DED26E1BE99792002D30CC /* Frameworks */,
				92DED26F1BE99792002D30CC /* Resources */,
			);
			buildRules = (
			);
			dependencies = (
			);
			name = SBTest;
			productName = SBTest;
			productReference = 92DED2711BE99792002D30CC /* SBTest.app */;
			productType = "com.apple.product-type.application";
		};
/* End PBXNativeTarget section */

/* Begin PBXProject section */
		92DED2691BE99792002D30CC /* Project object */ = {
			isa = PBXProject;
			attributes = {
				LastUpgradeCheck = 0720;
				ORGANIZATIONNAME = "Anthony Agatiello";
				TargetAttributes = {
					92DED2701BE99792002D30CC = {
						CreatedOnToolsVersion = 7.2;
						DevelopmentTeam = 9QKLXG4845;
					};
				};
			};
			buildConfigurationList = 92DED26C1BE99792002D30CC /* Build configuration list for PBXProject "SBTest" */;
			compatibilityVersion = "Xcode 3.2";
			developmentRegion = English;
			hasScannedForEncodings = 0;
			knownRegions = (
				en,
				Base,
			);
			mainGroup = 92DED2681BE99792002D30CC;
			productRefGroup = 92DED2721BE99792002D30CC /* Products */;
			projectDirPath = "";
			projectRoot = "";
			targets = (
				92DED2701BE99792002D30CC /* SBTest */,
			);
		};
/* End PBXProject section */

/* Begin PBXResourcesBuildPhase section */
		92DED26F1BE99792002D30CC /* Resources */ = {
			isa = PBXResourcesBuildPhase;
			buildActionMask = 2147483647;
			files = (
				92DED2841BE99792002D30CC /* LaunchScreen.storyboard in Resources */,
				92DED2811BE99792002D30CC /* Assets.xcassets in Resources */,
				92DED27F1BE99792002D30CC /* Main.storyboard in Resources */,
			);
			runOnlyForDeploymentPostprocessing = 0;
		};
/* End PBXResourcesBuildPhase section */

/* Begin PBXSourcesBuildPhase section */
		92DED26D1BE99792002D30CC /* Sources */ = {
			isa = PBXSourcesBuildPhase;
			buildActionMask = 2147483647;
			files = (
				92DED27C1BE99792002D30CC /* ViewController.m in Sources */,
				92DED2791BE99792002D30CC /* AppDelegate.m in Sources */,
				92DED2761BE99792002D30CC /* main.m in Sources */,
			);
			runOnlyForDeploymentPostprocessing = 0;
		};
/* End PBXSourcesBuildPhase section */

/* Begin PBXVariantGroup section */
		92DED27D1BE99792002D30CC /* Main.storyboard */ = {
			isa = PBXVariantGroup;
			children = (
				92DED27E1BE99792002D30CC /* Base */,
			);
			name = Main.storyboard;
			sourceTree = "<group>";
		};
		92DED2821BE99792002D30CC /* LaunchScreen.storyboard */ = {
			isa = PBXVariantGroup;
			children = (
				92DED2831BE99792002D30CC /* Base */,
			);
			name = LaunchScreen.storyboard;
			sourceTree = "<group>";
		};
/* End PBXVariantGroup section */

/* Begin XCBuildConfiguration section */
		92DED2861BE99792002D30CC /* Debug */ = {
			isa = XCBuildConfiguration;
			buildSettings = {
				ALWAYS_SEARCH_USER_PATHS = NO;
				CLANG_CXX_LANGUAGE_STANDARD = "gnu++0x";
				CLANG_CXX_LIBRARY = "libc++";
				CLANG_ENABLE_MODULES = YES;
				CLANG_ENABLE_OBJC_ARC = YES;
				CLANG_WARN_BOOL_CONVERSION = YES;
				CLANG_WARN_CONSTANT_CONVERSION = YES;
				CLANG_WARN_DIRECT_OBJC_ISA_USAGE = YES_ERROR;
				CLANG_WARN_EMPTY_BODY = YES;
				CLANG_WARN_ENUM_CONVERSION = YES;
				CLANG_WARN_INT_CONVERSION = YES;
				CLANG_WARN_OBJC_ROOT_CLASS = YES_ERROR;
				CLANG_WARN_UNREACHABLE_CODE = YES;
				CLANG_WARN__DUPLICATE_METHOD_MATCH = YES;
				"CODE_SIGN_IDENTITY[sdk=iphoneos*]" = "iPhone Developer";
				COPY_PHASE_STRIP = NO;
				DEBUG_INFORMATION_FORMAT = dwarf;
				ENABLE_STRICT_OBJC_MSGSEND = YES;
				ENABLE_TESTABILITY = YES;
				GCC_C_LANGUAGE_STANDARD = gnu99;
				GCC_DYNAMIC_NO_PIC = NO;
				GCC_NO_COMMON_BLOCKS = YES;
				GCC_OPTIMIZATION_LEVEL = 0;
				GCC_PREPROCESSOR_DEFINITIONS = (
					"DEBUG=1",
					"$(inherited)",
				);
				GCC_WARN_64_TO_32_BIT_CONVERSION = YES;
				GCC_WARN_ABOUT_RETURN_TYPE = YES_ERROR;
				GCC_WARN_UNDECLARED_SELECTOR = YES;
				GCC_WARN_UNINITIALIZED_AUTOS = YES_AGGRESSIVE;
				GCC_WARN_UNUSED_FUNCTION = YES;
				GCC_WARN_UNUSED_VARIABLE = YES;
				IPHONEOS_DEPLOYMENT_TARGET = 9.2;
				MTL_ENABLE_DEBUG_INFO = YES;
				ONLY_ACTIVE_ARCH = YES;
				SDKROOT = iphoneos;
				TARGETED_DEVICE_FAMILY = "1,2";
			};
			name = Debug;
		};
		92DED2871BE99792002D30CC /* Release */ = {
			isa = XCBuildConfiguration;
			buildSettings = {
				ALWAYS_SEARCH_USER_PATHS = NO;
				CLANG_CXX_LANGUAGE_STANDARD = "gnu++0x";
				CLANG_CXX_LIBRARY = "libc++";
				CLANG_ENABLE_MODULES = YES;
				CLANG_ENABLE_OBJC_ARC = YES;
				CLANG_WARN_BOOL_CONVERSION = YES;
				CLANG_WARN_CONSTANT_CONVERSION = YES;
				CLANG_WARN_DIRECT_OBJC_ISA_USAGE = YES_ERROR;
				CLANG_WARN_EMPTY_BODY = YES;
				CLANG_WARN_ENUM_CONVERSION = YES;
				CLANG_WARN_INT_CONVERSION = YES;
				CLANG_WARN_OBJC_ROOT_CLASS = YES_ERROR;
				CLANG_WARN_UNREACHABLE_CODE = YES;
				CLANG_WARN__DUPLICATE_METHOD_MATCH = YES;
				"CODE_SIGN_IDENTITY[sdk=iphoneos*]" = "iPhone Developer";
				COPY_PHASE_STRIP = NO;
				DEBUG_INFORMATION_FORMAT = "dwarf-with-dsym";
				ENABLE_NS_ASSERTIONS = NO;
				ENABLE_STRICT_OBJC_MSGSEND = YES;
				GCC_C_LANGUAGE_STANDARD = gnu99;
				GCC_NO_COMMON_BLOCKS = YES;
				GCC_WARN_64_TO_32_BIT_CONVERSION = YES;
				GCC_WARN_ABOUT_RETURN_TYPE = YES_ERROR;
				GCC_WARN_UNDECLARED_SELECTOR = YES;
				GCC_WARN_UNINITIALIZED_AUTOS = YES_AGGRESSIVE;
				GCC_WARN_UNUSED_FUNCTION = YES;
				GCC_WARN_UNUSED_VARIABLE = YES;
				IPHONEOS_DEPLOYMENT_TARGET = 9.2;
				MTL_ENABLE_DEBUG_INFO = NO;
				SDKROOT = iphoneos;
				TARGETED_DEVICE_FAMILY = "1,2";
				VALIDATE_PRODUCT = YES;
			};
			name = Release;
		};
		92DED2891BE99792002D30CC /* Debug */ = {
			isa = XCBuildConfiguration;
			buildSettings = {
				ASSETCATALOG_COMPILER_APPICON_NAME = AppIcon;
				ASSETCATALOG_COMPILER_LAUNCHIMAGE_NAME = LaunchImage;
				CODE_SIGN_IDENTITY = "iPhone Developer";
				INFOPLIST_FILE = SBTest/Info.plist;
				IPHONEOS_DEPLOYMENT_TARGET = 7.0;
				LD_RUNPATH_SEARCH_PATHS = "$(inherited) @executable_path/Frameworks";
				PRODUCT_BUNDLE_IDENTIFIER = com.adatech.SBTest;
				PRODUCT_NAME = "$(TARGET_NAME)";
			};
			name = Debug;
		};
		92DED28A1BE99792002D30CC /* Release */ = {
			isa = XCBuildConfiguration;
			buildSettings = {
				ASSETCATALOG_COMPILER_APPICON_NAME = AppIcon;
				ASSETCATALOG_COMPILER_LAUNCHIMAGE_NAME = LaunchImage;
				CODE_SIGN_IDENTITY = "iPhone Developer";
				INFOPLIST_FILE = SBTest/Info.plist;
				IPHONEOS_DEPLOYMENT_TARGET = 7.0;
				LD_RUNPATH_SEARCH_PATHS = "$(inherited) @executable_path/Frameworks";
				PRODUCT_BUNDLE_IDENTIFIER = com.adatech.SBTest;
				PRODUCT_NAME = "$(TARGET_NAME)";
			};
			name = Release;
		};
/* End XCBuildConfiguration section */

/* Begin XCConfigurationList section */
		92DED26C1BE99792002D30CC /* Build configuration list for PBXProject "SBTest" */ = {
			isa = XCConfigurationList;
			buildConfigurations = (
				92DED2861BE99792002D30CC /* Debug */,
				92DED2871BE99792002D30CC /* Release */,
			);
			defaultConfigurationIsVisible = 0;
			defaultConfigurationName = Release;
		};
		92DED2881BE99792002D30CC /* Build configuration list for PBXNativeTarget "SBTest" */ = {
			isa = XCConfigurationList;
			buildConfigurations = (
				92DED2891BE99792002D30CC /* Debug */,
				92DED28A1BE99792002D30CC /* Release */,
			);
			defaultConfigurationIsVisible = 0;
			defaultConfigurationName = Release;
		};
/* End XCConfigurationList section */
	};
	rootObject = 92DED2691BE99792002D30CC /* Project object */;
}
